
Microsoft Visual Studio Solution File, Format Version 12.00
# Visual Studio Version 16
VisualStudioVersion = 16.0.29102.190
MinimumVisualStudioVersion = 10.0.40219.1
Project("{8BC9CEB8-8B4A-11D0-8D11-00A0C91BC942}") = "RunAsTI", "src\RunAsTI.vcxproj", "{66CBF08A-AEC5-4921-9102-E39FA75F17BE}"
EndProject
Global
	GlobalSection(SolutionConfigurationPlatforms) = preSolution
		Debug|ARM = Debug|ARM
		Debug|ARM64 = Debug|ARM64
		Debug|x64 = Debug|x64
		Debug|x86 = Debug|x86
		Release|ARM = Release|ARM
		Release|ARM64 = Release|ARM64
		Release|x64 = Release|x64
		Release|x86 = Release|x86
	EndGlobalSection
	GlobalSection(ProjectConfigurationPlatforms) = postSolution
		{66CBF08A-AEC5-4921-9102-E39FA75F17BE}.Debug|ARM.ActiveCfg = Debug|ARM
		{66CBF08A-AEC5-4921-9102-E39FA75F17BE}.Debug|ARM.Build.0 = Debug|ARM
		{66CBF08A-AEC5-4921-9102-E39FA75F17BE}.Debug|ARM64.ActiveCfg = Debug|ARM64
		{66CBF08A-AEC5-4921-9102-E39FA75F17BE}.Debug|ARM64.Build.0 = Debug|ARM64
		{66CBF08A-AEC5-4921-9102-E39FA75F17BE}.Debug|x64.ActiveCfg = Debug|x64
		{66CBF08A-AEC5-4921-9102-E39FA75F17BE}.Debug|x64.Build.0 = Debug|x64
		{66CBF08A-AEC5-4921-9102-E39FA75F17BE}.Debug|x86.ActiveCfg = Debug|Win32
		{66CBF08A-AEC5-4921-9102-E39FA75F17BE}.Debug|x86.Build.0 = Debug|Win32
		{66CBF08A-AEC5-4921-9102-E39FA75F17BE}.Release|ARM.ActiveCfg = Release|ARM
		{66CBF08A-AEC5-4921-9102-E39FA75F17BE}.Release|ARM.Build.0 = Release|ARM
		{66CBF08A-AEC5-4921-9102-E39FA75F17BE}.Release|ARM64.ActiveCfg = Release|ARM64
		{66CBF08A-AEC5-4921-9102-E39FA75F17BE}.Release|ARM64.Build.0 = Release|ARM64
		{66CBF08A-AEC5-4921-9102-E39FA75F17BE}.Release|x64.ActiveCfg = Release|x64
		{66CBF08A-AEC5-4921-9102-E39FA75F17BE}.Release|x64.Build.0 = Release|x64
		{66CBF08A-AEC5-4921-9102-E39FA75F17BE}.Release|x86.ActiveCfg = Release|Win32
		{66CBF08A-AEC5-4921-9102-E39FA75F17BE}.Release|x86.Build.0 = Release|Win32
	EndGlobalSection
	GlobalSection(SolutionProperties) = preSolution
		HideSolutionNode = FALSE
	EndGlobalSection
	GlobalSection(ExtensibilityGlobals) = postSolution
		SolutionGuid = {489358D8-088B-42C3-917D-A9DC656BE505}
	EndGlobalSection
EndGlobal
